{
  "name": "websitev2",
  "lockfileVersion": 3,
  "requires": true,
  "packages": {
    "": {
      "dependencies": {
        "masonry": "^0.0.2"
      }
    },
    "node_modules/ejs": {
      "version": "0.7.1",
      "resolved": "https://registry.npmjs.org/ejs/-/ejs-0.7.1.tgz",
      "integrity": "sha512-f1OYBTjcMoV7ZvXx2yEdwqVWgPKmObDitDCjuo/JJlCjv8+jhI0KOwD3PPyp1mnG/uqFf6YApj2ktzjQSGKKAg==",
      "deprecated": "Critical security bugs fixed in 2.5.5",
      "engines": {
        "node": "*"
      }
    },
    "node_modules/masonry": {
      "version": "0.0.2",
      "resolved": "https://registry.npmjs.org/masonry/-/masonry-0.0.2.tgz",
      "integrity": "sha512-aYfcEVkuziTYJy82FU1biVATXIK4pJeNjC+cWUIZqcytiwcWL4nAULwrSvfjCqRoKr5iKuktNkjYFNddXB90WQ==",
      "dependencies": {
        "ejs": "0.7.1"
      },
      "engines": {
        "node": ">= 0.6.0"
      }
    }
  }
}
